
Microsoft Visual Studio Solution File, Format Version 12.00
# Visual Studio Version 17
VisualStudioVersion = 17.1.32228.430
MinimumVisualStudioVersion = 10.0.40219.1
Project("{2150E333-8FDC-42A3-9474-1A3956D46DE8}") = "Services", "Services", "{0F71C5C3-6703-46CB-A3D0-09E9106ABFCA}"
EndProject
Project("{2150E333-8FDC-42A3-9474-1A3956D46DE8}") = "WebUI", "WebUI", "{9FD15F9F-33CF-4AA0-938B-A9EE0E355CE2}"
EndProject
Project("{2150E333-8FDC-42A3-9474-1A3956D46DE8}") = "SelinOzoglu", "SelinOzoglu", "{840E632C-5DEE-4632-BF42-504041FBEFB1}"
EndProject
Project("{2150E333-8FDC-42A3-9474-1A3956D46DE8}") = "PhotoStock", "PhotoStock", "{C31428DD-6AA1-45F0-8745-5A91D9826CD2}"
EndProject
Project("{2150E333-8FDC-42A3-9474-1A3956D46DE8}") = "WorkItems", "WorkItems", "{B64ABF5D-950F-473F-BA69-BB6109796E4A}"
EndProject
Project("{9A19103F-16F7-4668-BE54-9A1E7A4F7556}") = "Portfolio.Services.WorkItems.API", "Services\WorkItems\Portfolio.Services.WorkItems.API\Portfolio.Services.WorkItems.API.csproj", "{60C90497-D1B4-40F6-A435-0849A977E20E}"
EndProject
Project("{9A19103F-16F7-4668-BE54-9A1E7A4F7556}") = "Portfolio.Services.WorkItems.Infrastructure", "Services\WorkItems\Portfolio.Services.WorkItems.Infrastructure\Portfolio.Services.WorkItems.Infrastructure.csproj", "{DC6C245F-5E31-4F5E-9DED-A0512D7A4D37}"
EndProject
Project("{9A19103F-16F7-4668-BE54-9A1E7A4F7556}") = "Portfolio.Services.WorkItems.Application", "Services\WorkItems\Portfolio.Services.WorkItems.Application\Portfolio.Services.WorkItems.Application.csproj", "{D3ECCB6A-9653-4265-9846-92A20F2C19ED}"
EndProject
Project("{2150E333-8FDC-42A3-9474-1A3956D46DE8}") = "Shared", "Shared", "{9B13390D-F4F3-4D2B-B668-F64D1BFDB801}"
EndProject
Project("{9A19103F-16F7-4668-BE54-9A1E7A4F7556}") = "Portfolio.Shared", "Shared\Portfolio.Shared\Portfolio.Shared.csproj", "{9A2A38CA-A29B-4BF9-BCED-2EFEF44E2A53}"
EndProject
Project("{9A19103F-16F7-4668-BE54-9A1E7A4F7556}") = "Portfolio.Services.WorkItems.Domain.Core", "Services\WorkItems\Portfolio.Services.WorkItems.Domain.Core\Portfolio.Services.WorkItems.Domain.Core.csproj", "{0A871010-25B8-4319-A60A-5C34D716B416}"
EndProject
Project("{9A19103F-16F7-4668-BE54-9A1E7A4F7556}") = "Portfolio.Services.PhotoStock", "Services\PhotoStock\Portfolio.Services.PhotoStock\Portfolio.Services.PhotoStock.csproj", "{0B0E1B5A-F835-455F-AB3F-B2EDDDD05A5E}"
EndProject
Project("{2150E333-8FDC-42A3-9474-1A3956D46DE8}") = "IdentityServer", "IdentityServer", "{CC6CE148-062C-444B-BB2C-3DAEFA1E8A97}"
EndProject
Project("{9A19103F-16F7-4668-BE54-9A1E7A4F7556}") = "Portfolio.IdentityServer", "IdentityServer\Portfolio.IdentityServer\Portfolio.IdentityServer.csproj", "{6E0E04A4-4340-449D-B15A-655A91F2AA72}"
EndProject
Project("{2150E333-8FDC-42A3-9474-1A3956D46DE8}") = "Trying", "Trying", "{DDF5C0FC-807E-4BE4-AA14-E374E38E8F0B}"
EndProject
Project("{9A19103F-16F7-4668-BE54-9A1E7A4F7556}") = "FileNameConverter", "FileNameConverter\FileNameConverter.csproj", "{9CEFED75-3DCB-472C-8B56-D6605B9880FE}"
EndProject
Project("{2150E333-8FDC-42A3-9474-1A3956D46DE8}") = "MailSender", "MailSender", "{4257835D-7CCC-43CF-BAB3-47BC199F2388}"
EndProject
Project("{9A19103F-16F7-4668-BE54-9A1E7A4F7556}") = "Portfolio.Services.MailSender", "MailSender\Portfolio.Services.MailSender\Portfolio.Services.MailSender.csproj", "{96F1B2EC-AB0F-4DC4-8F6F-9EB720E83ADE}"
EndProject
Project("{9A19103F-16F7-4668-BE54-9A1E7A4F7556}") = "Portfolio.Services.WorkItems.Domain", "Services\WorkItems\Portfolio.Services.WorkItems.Domain\Portfolio.Services.WorkItems.Domain.csproj", "{0482C4C3-AAF8-4B18-A6F2-198307DC8EEB}"
EndProject
Project("{2150E333-8FDC-42A3-9474-1A3956D46DE8}") = "Gateway", "Gateway", "{5BF6C99E-E2F7-4FA5-A6D1-785218635B43}"
EndProject
Project("{9A19103F-16F7-4668-BE54-9A1E7A4F7556}") = "Portfolio.Gateway", "Gateway\Portfolio.Gateway\Portfolio.Gateway.csproj", "{934A1436-144D-41AA-A81F-28240A6F8C1E}"
EndProject
Project("{2150E333-8FDC-42A3-9474-1A3956D46DE8}") = "Settings", "Settings", "{FCE35C3F-B34C-4678-B480-7B2CBFD609F3}"
EndProject
Project("{FAE04EC0-301F-11D3-BF4B-00C04F79EFBC}") = "Porfolio.Services.Setting.API", "Services\Setting\Porfolio.Services.Setting.API\Porfolio.Services.Setting.API.csproj", "{DD60C0CF-0ED1-4CD2-917E-8AD623A4C087}"
EndProject
Global
	GlobalSection(SolutionConfigurationPlatforms) = preSolution
		Debug|Any CPU = Debug|Any CPU
		Release|Any CPU = Release|Any CPU
	EndGlobalSection
	GlobalSection(ProjectConfigurationPlatforms) = postSolution
		{60C90497-D1B4-40F6-A435-0849A977E20E}.Debug|Any CPU.ActiveCfg = Debug|Any CPU
		{60C90497-D1B4-40F6-A435-0849A977E20E}.Debug|Any CPU.Build.0 = Debug|Any CPU
		{60C90497-D1B4-40F6-A435-0849A977E20E}.Release|Any CPU.ActiveCfg = Release|Any CPU
		{60C90497-D1B4-40F6-A435-0849A977E20E}.Release|Any CPU.Build.0 = Release|Any CPU
		{DC6C245F-5E31-4F5E-9DED-A0512D7A4D37}.Debug|Any CPU.ActiveCfg = Debug|Any CPU
		{DC6C245F-5E31-4F5E-9DED-A0512D7A4D37}.Debug|Any CPU.Build.0 = Debug|Any CPU
		{DC6C245F-5E31-4F5E-9DED-A0512D7A4D37}.Release|Any CPU.ActiveCfg = Release|Any CPU
		{DC6C245F-5E31-4F5E-9DED-A0512D7A4D37}.Release|Any CPU.Build.0 = Release|Any CPU
		{D3ECCB6A-9653-4265-9846-92A20F2C19ED}.Debug|Any CPU.ActiveCfg = Debug|Any CPU
		{D3ECCB6A-9653-4265-9846-92A20F2C19ED}.Debug|Any CPU.Build.0 = Debug|Any CPU
		{D3ECCB6A-9653-4265-9846-92A20F2C19ED}.Release|Any CPU.ActiveCfg = Release|Any CPU
		{D3ECCB6A-9653-4265-9846-92A20F2C19ED}.Release|Any CPU.Build.0 = Release|Any CPU
		{9A2A38CA-A29B-4BF9-BCED-2EFEF44E2A53}.Debug|Any CPU.ActiveCfg = Debug|Any CPU
		{9A2A38CA-A29B-4BF9-BCED-2EFEF44E2A53}.Debug|Any CPU.Build.0 = Debug|Any CPU
		{9A2A38CA-A29B-4BF9-BCED-2EFEF44E2A53}.Release|Any CPU.ActiveCfg = Release|Any CPU
		{9A2A38CA-A29B-4BF9-BCED-2EFEF44E2A53}.Release|Any CPU.Build.0 = Release|Any CPU
		{0A871010-25B8-4319-A60A-5C34D716B416}.Debug|Any CPU.ActiveCfg = Debug|Any CPU
		{0A871010-25B8-4319-A60A-5C34D716B416}.Debug|Any CPU.Build.0 = Debug|Any CPU
		{0A871010-25B8-4319-A60A-5C34D716B416}.Release|Any CPU.ActiveCfg = Release|Any CPU
		{0A871010-25B8-4319-A60A-5C34D716B416}.Release|Any CPU.Build.0 = Release|Any CPU
		{0B0E1B5A-F835-455F-AB3F-B2EDDDD05A5E}.Debug|Any CPU.ActiveCfg = Debug|Any CPU
		{0B0E1B5A-F835-455F-AB3F-B2EDDDD05A5E}.Debug|Any CPU.Build.0 = Debug|Any CPU
		{0B0E1B5A-F835-455F-AB3F-B2EDDDD05A5E}.Release|Any CPU.ActiveCfg = Release|Any CPU
		{0B0E1B5A-F835-455F-AB3F-B2EDDDD05A5E}.Release|Any CPU.Build.0 = Release|Any CPU
		{6E0E04A4-4340-449D-B15A-655A91F2AA72}.Debug|Any CPU.ActiveCfg = Debug|Any CPU
		{6E0E04A4-4340-449D-B15A-655A91F2AA72}.Debug|Any CPU.Build.0 = Debug|Any CPU
		{6E0E04A4-4340-449D-B15A-655A91F2AA72}.Release|Any CPU.ActiveCfg = Release|Any CPU
		{6E0E04A4-4340-449D-B15A-655A91F2AA72}.Release|Any CPU.Build.0 = Release|Any CPU
		{9CEFED75-3DCB-472C-8B56-D6605B9880FE}.Debug|Any CPU.ActiveCfg = Debug|Any CPU
		{9CEFED75-3DCB-472C-8B56-D6605B9880FE}.Debug|Any CPU.Build.0 = Debug|Any CPU
		{9CEFED75-3DCB-472C-8B56-D6605B9880FE}.Release|Any CPU.ActiveCfg = Release|Any CPU
		{9CEFED75-3DCB-472C-8B56-D6605B9880FE}.Release|Any CPU.Build.0 = Release|Any CPU
		{96F1B2EC-AB0F-4DC4-8F6F-9EB720E83ADE}.Debug|Any CPU.ActiveCfg = Debug|Any CPU
		{96F1B2EC-AB0F-4DC4-8F6F-9EB720E83ADE}.Debug|Any CPU.Build.0 = Debug|Any CPU
		{96F1B2EC-AB0F-4DC4-8F6F-9EB720E83ADE}.Release|Any CPU.ActiveCfg = Release|Any CPU
		{96F1B2EC-AB0F-4DC4-8F6F-9EB720E83ADE}.Release|Any CPU.Build.0 = Release|Any CPU
		{0482C4C3-AAF8-4B18-A6F2-198307DC8EEB}.Debug|Any CPU.ActiveCfg = Debug|Any CPU
		{0482C4C3-AAF8-4B18-A6F2-198307DC8EEB}.Debug|Any CPU.Build.0 = Debug|Any CPU
		{0482C4C3-AAF8-4B18-A6F2-198307DC8EEB}.Release|Any CPU.ActiveCfg = Release|Any CPU
		{0482C4C3-AAF8-4B18-A6F2-198307DC8EEB}.Release|Any CPU.Build.0 = Release|Any CPU
		{934A1436-144D-41AA-A81F-28240A6F8C1E}.Debug|Any CPU.ActiveCfg = Debug|Any CPU
		{934A1436-144D-41AA-A81F-28240A6F8C1E}.Debug|Any CPU.Build.0 = Debug|Any CPU
		{934A1436-144D-41AA-A81F-28240A6F8C1E}.Release|Any CPU.ActiveCfg = Release|Any CPU
		{934A1436-144D-41AA-A81F-28240A6F8C1E}.Release|Any CPU.Build.0 = Release|Any CPU
		{DD60C0CF-0ED1-4CD2-917E-8AD623A4C087}.Debug|Any CPU.ActiveCfg = Debug|Any CPU
		{DD60C0CF-0ED1-4CD2-917E-8AD623A4C087}.Debug|Any CPU.Build.0 = Debug|Any CPU
		{DD60C0CF-0ED1-4CD2-917E-8AD623A4C087}.Release|Any CPU.ActiveCfg = Release|Any CPU
		{DD60C0CF-0ED1-4CD2-917E-8AD623A4C087}.Release|Any CPU.Build.0 = Release|Any CPU
	EndGlobalSection
	GlobalSection(SolutionProperties) = preSolution
		HideSolutionNode = FALSE
	EndGlobalSection
	GlobalSection(NestedProjects) = preSolution
		{840E632C-5DEE-4632-BF42-504041FBEFB1} = {9FD15F9F-33CF-4AA0-938B-A9EE0E355CE2}
		{C31428DD-6AA1-45F0-8745-5A91D9826CD2} = {0F71C5C3-6703-46CB-A3D0-09E9106ABFCA}
		{B64ABF5D-950F-473F-BA69-BB6109796E4A} = {0F71C5C3-6703-46CB-A3D0-09E9106ABFCA}
		{60C90497-D1B4-40F6-A435-0849A977E20E} = {B64ABF5D-950F-473F-BA69-BB6109796E4A}
		{DC6C245F-5E31-4F5E-9DED-A0512D7A4D37} = {B64ABF5D-950F-473F-BA69-BB6109796E4A}
		{D3ECCB6A-9653-4265-9846-92A20F2C19ED} = {B64ABF5D-950F-473F-BA69-BB6109796E4A}
		{9A2A38CA-A29B-4BF9-BCED-2EFEF44E2A53} = {9B13390D-F4F3-4D2B-B668-F64D1BFDB801}
		{0A871010-25B8-4319-A60A-5C34D716B416} = {B64ABF5D-950F-473F-BA69-BB6109796E4A}
		{0B0E1B5A-F835-455F-AB3F-B2EDDDD05A5E} = {C31428DD-6AA1-45F0-8745-5A91D9826CD2}
		{6E0E04A4-4340-449D-B15A-655A91F2AA72} = {CC6CE148-062C-444B-BB2C-3DAEFA1E8A97}
		{9CEFED75-3DCB-472C-8B56-D6605B9880FE} = {DDF5C0FC-807E-4BE4-AA14-E374E38E8F0B}
		{4257835D-7CCC-43CF-BAB3-47BC199F2388} = {0F71C5C3-6703-46CB-A3D0-09E9106ABFCA}
		{96F1B2EC-AB0F-4DC4-8F6F-9EB720E83ADE} = {4257835D-7CCC-43CF-BAB3-47BC199F2388}
		{0482C4C3-AAF8-4B18-A6F2-198307DC8EEB} = {B64ABF5D-950F-473F-BA69-BB6109796E4A}
		{934A1436-144D-41AA-A81F-28240A6F8C1E} = {5BF6C99E-E2F7-4FA5-A6D1-785218635B43}
		{FCE35C3F-B34C-4678-B480-7B2CBFD609F3} = {0F71C5C3-6703-46CB-A3D0-09E9106ABFCA}
		{DD60C0CF-0ED1-4CD2-917E-8AD623A4C087} = {FCE35C3F-B34C-4678-B480-7B2CBFD609F3}
	EndGlobalSection
	GlobalSection(ExtensibilityGlobals) = postSolution
		SolutionGuid = {182BA956-2100-46A4-8E0A-FF013AAC55D1}
	EndGlobalSection
EndGlobal
